
Microsoft Visual Studio Solution File, Format Version 12.00
# Visual Studio Version 17
VisualStudioVersion = 17.12.35527.113 d17.12
MinimumVisualStudioVersion = 10.0.40219.1
Project("{FAE04EC0-301F-11D3-BF4B-00C04F79EFBC}") = "TestASP", "TestASP\TestASP.csproj", "{149FD6E1-6DB4-47B7-A1E4-82604A43EA7A}"
EndProject
Project("{FAE04EC0-301F-11D3-BF4B-00C04F79EFBC}") = "Empty", "Empty\Empty.csproj", "{F9649075-C440-41CA-8997-CC5DBFD69229}"
EndProject
Global
	GlobalSection(SolutionConfigurationPlatforms) = preSolution
		Debug|Any CPU = Debug|Any CPU
		Release|Any CPU = Release|Any CPU
	EndGlobalSection
	GlobalSection(ProjectConfigurationPlatforms) = postSolution
		{149FD6E1-6DB4-47B7-A1E4-82604A43EA7A}.Debug|Any CPU.ActiveCfg = Debug|Any CPU
		{149FD6E1-6DB4-47B7-A1E4-82604A43EA7A}.Debug|Any CPU.Build.0 = Debug|Any CPU
		{149FD6E1-6DB4-47B7-A1E4-82604A43EA7A}.Release|Any CPU.ActiveCfg = Release|Any CPU
		{149FD6E1-6DB4-47B7-A1E4-82604A43EA7A}.Release|Any CPU.Build.0 = Release|Any CPU
		{F9649075-C440-41CA-8997-CC5DBFD69229}.Debug|Any CPU.ActiveCfg = Debug|Any CPU
		{F9649075-C440-41CA-8997-CC5DBFD69229}.Debug|Any CPU.Build.0 = Debug|Any CPU
		{F9649075-C440-41CA-8997-CC5DBFD69229}.Release|Any CPU.ActiveCfg = Release|Any CPU
		{F9649075-C440-41CA-8997-CC5DBFD69229}.Release|Any CPU.Build.0 = Release|Any CPU
	EndGlobalSection
	GlobalSection(SolutionProperties) = preSolution
		HideSolutionNode = FALSE
	EndGlobalSection
EndGlobal
